{
  "object": {
    "pins": [
      {
        "package": "FusionCamera",
        "repositoryURL": "https://github.com/scade-platform/FusionCamera.git",
        "state": {
          "branch": "main",
          "revision": "7ab43af7a719010640bd69ce0a9a6f854f0c1166",
          "version": null
        }
      }
    ]
  },
  "version": 1
}
