{
  "object": {
    "pins": [
      {
        "package": "FusionBluetooth",
        "repositoryURL": "https://github.com/scade-platform/FusionBluetooth.git",
        "state": {
          "branch": "Working",
          "revision": "c011401e0da9c6ae2f3d8ed976e66a8d0c73e23f",
          "version": null
        }
      },
      {
        "package": "Android",
        "repositoryURL": "https://github.com/scade-platform/swift-android.git",
        "state": {
          "branch": "android/24",
          "revision": "99206f650987fa3eeaf795bb3bbaca251946d5e0",
          "version": null
        }
      },
      {
        "package": "Java",
        "repositoryURL": "https://github.com/scade-platform/swift-java.git",
        "state": {
          "branch": null,
          "revision": "3eb20f61080992e37eed5c31f2ea8afdb19f0a0c",
          "version": "0.1.0"
        }
      }
    ]
  },
  "version": 1
}
