{
  "object": {
    "pins": [
      {
        "package": "FusionLocation",
        "repositoryURL": "https://github.com/scade-platform/FusionLocation.git",
        "state": {
          "branch": "main",
          "revision": "59252ae44308c5cffd72e8d4f343c427a708d2e2",
          "version": null
        }
      },
      {
        "package": "Android",
        "repositoryURL": "https://github.com/scade-platform/swift-android.git",
        "state": {
          "branch": "android/24",
          "revision": "5d67209de0bde34c8bbfaef9043a47d9fa42a9c6",
          "version": null
        }
      },
      {
        "package": "Java",
        "repositoryURL": "https://github.com/scade-platform/swift-java.git",
        "state": {
          "branch": null,
          "revision": "20a9c17ce8d87cdf2398413960a2acbfc4fb2f1a",
          "version": "0.1.0"
        }
      }
    ]
  },
  "version": 1
}
